
Microsoft Visual Studio Solution File, Format Version 12.00
# Visual Studio Version 17
VisualStudioVersion = 17.14.36518.9 d17.14
MinimumVisualStudioVersion = 10.0.40219.1
Project("{888888A0-9F3D-457C-B088-3A5042F75D52}") = "PythonApplication1", "PythonApplication1\PythonApplication1.pyproj", "{B4C3568F-6225-44C7-8DAC-5627AC15D7FB}"
EndProject
Global
	GlobalSection(SolutionConfigurationPlatforms) = preSolution
		Debug|Any CPU = Debug|Any CPU
		Release|Any CPU = Release|Any CPU
	EndGlobalSection
	GlobalSection(ProjectConfigurationPlatforms) = postSolution
		{B4C3568F-6225-44C7-8DAC-5627AC15D7FB}.Debug|Any CPU.ActiveCfg = Debug|Any CPU
		{B4C3568F-6225-44C7-8DAC-5627AC15D7FB}.Release|Any CPU.ActiveCfg = Release|Any CPU
	EndGlobalSection
	GlobalSection(SolutionProperties) = preSolution
		HideSolutionNode = FALSE
	EndGlobalSection
	GlobalSection(ExtensibilityGlobals) = postSolution
		SolutionGuid = {175AECAC-142E-432F-853D-07EBCF173A96}
	EndGlobalSection
EndGlobal
